// !$*UTF8*$!
{
	archiveVersion = 1;
	classes = {
	};
	objectVersion = 46;
	objects = {

/* Begin PBXBuildFile section */
		2D91485719C07A1400F34A90 /* AppDelegate.swift in Sources */ = {isa = PBXBuildFile; fileRef = 2D91485619C07A1400F34A90 /* AppDelegate.swift */; };
		2D91485919C07A1400F34A90 /* ViewController.swift in Sources */ = {isa = PBXBuildFile; fileRef = 2D91485819C07A1400F34A90 /* ViewController.swift */; };
		2D91485C19C07A1400F34A90 /* Main.storyboard in Resources */ = {isa = PBXBuildFile; fileRef = 2D91485A19C07A1400F34A90 /* Main.storyboard */; };
		2D91485E19C07A1400F34A90 /* Images.xcassets in Resources */ = {isa = PBXBuildFile; fileRef = 2D91485D19C07A1400F34A90 /* Images.xcassets */; };
		2D91486119C07A1400F34A90 /* LaunchScreen.xib in Resources */ = {isa = PBXBuildFile; fileRef = 2D91485F19C07A1400F34A90 /* LaunchScreen.xib */; };
		2D91486D19C07A1400F34A90 /* PostCardTests.swift in Sources */ = {isa = PBXBuildFile; fileRef = 2D91486C19C07A1400F34A90 /* PostCardTests.swift */; };
		2D91487719C0885600F34A90 /* SagradaFamilia.jpeg in Resources */ = {isa = PBXBuildFile; fileRef = 2D91487619C0885600F34A90 /* SagradaFamilia.jpeg */; };
		2D91487919C0A20B00F34A90 /* AlbertEinsteinStamp.jpg in Resources */ = {isa = PBXBuildFile; fileRef = 2D91487819C0A20B00F34A90 /* AlbertEinsteinStamp.jpg */; };
/* End PBXBuildFile section */

/* Begin PBXContainerItemProxy section */
		2D91486719C07A1400F34A90 /* PBXContainerItemProxy */ = {
			isa = PBXContainerItemProxy;
			containerPortal = 2D91484919C07A1400F34A90 /* Project object */;
			proxyType = 1;
			remoteGlobalIDString = 2D91485019C07A1400F34A90;
			remoteInfo = PostCard;
		};
/* End PBXContainerItemProxy section */

/* Begin PBXFileReference section */
		2D91485119C07A1400F34A90 /* PostCard.app */ = {isa = PBXFileReference; explicitFileType = wrapper.application; includeInIndex = 0; path = PostCard.app; sourceTree = BUILT_PRODUCTS_DIR; };
		2D91485519C07A1400F34A90 /* Info.plist */ = {isa = PBXFileReference; lastKnownFileType = text.plist.xml; path = Info.plist; sourceTree = "<group>"; };
		2D91485619C07A1400F34A90 /* AppDelegate.swift */ = {isa = PBXFileReference; lastKnownFileType = sourcecode.swift; path = AppDelegate.swift; sourceTree = "<group>"; };
		2D91485819C07A1400F34A90 /* ViewController.swift */ = {isa = PBXFileReference; lastKnownFileType = sourcecode.swift; path = ViewController.swift; sourceTree = "<group>"; };
		2D91485B19C07A1400F34A90 /* Base */ = {isa = PBXFileReference; lastKnownFileType = file.storyboard; name = Base; path = Base.lproj/Main.storyboard; sourceTree = "<group>"; };
		2D91485D19C07A1400F34A90 /* Images.xcassets */ = {isa = PBXFileReference; lastKnownFileType = folder.assetcatalog; path = Images.xcassets; sourceTree = "<group>"; };
		2D91486019C07A1400F34A90 /* Base */ = {isa = PBXFileReference; lastKnownFileType = file.xib; name = Base; path = Base.lproj/LaunchScreen.xib; sourceTree = "<group>"; };
		2D91486619C07A1400F34A90 /* PostCardTests.xctest */ = {isa = PBXFileReference; explicitFileType = wrapper.cfbundle; includeInIndex = 0; path = PostCardTests.xctest; sourceTree = BUILT_PRODUCTS_DIR; };
		2D91486B19C07A1400F34A90 /* Info.plist */ = {isa = PBXFileReference; lastKnownFileType = text.plist.xml; path = Info.plist; sourceTree = "<group>"; };
		2D91486C19C07A1400F34A90 /* PostCardTests.swift */ = {isa = PBXFileReference; lastKnownFileType = sourcecode.swift; path = PostCardTests.swift; sourceTree = "<group>"; };
		2D91487619C0885600F34A90 /* SagradaFamilia.jpeg */ = {isa = PBXFileReference; lastKnownFileType = image.jpeg; path = SagradaFamilia.jpeg; sourceTree = "<group>"; };
		2D91487819C0A20B00F34A90 /* AlbertEinsteinStamp.jpg */ = {isa = PBXFileReference; lastKnownFileType = image.jpeg; path = AlbertEinsteinStamp.jpg; sourceTree = "<group>"; };
/* End PBXFileReference section */

/* Begin PBXFrameworksBuildPhase section */
		2D91484E19C07A1400F34A90 /* Frameworks */ = {
			isa = PBXFrameworksBuildPhase;
			buildActionMask = 2147483647;
			files = (
			);
			runOnlyForDeploymentPostprocessing = 0;
		};
		2D91486319C07A1400F34A90 /* Frameworks */ = {
			isa = PBXFrameworksBuildPhase;
			buildActionMask = 2147483647;
			files = (
			);
			runOnlyForDeploymentPostprocessing = 0;
		};
/* End PBXFrameworksBuildPhase section */

/* Begin PBXGroup section */
		2D91484819C07A1400F34A90 = {
			isa = PBXGroup;
			children = (
				2D91485319C07A1400F34A90 /* PostCard */,
				2D91486919C07A1400F34A90 /* PostCardTests */,
				2D91485219C07A1400F34A90 /* Products */,
			);
			sourceTree = "<group>";
		};
		2D91485219C07A1400F34A90 /* Products */ = {
			isa = PBXGroup;
			children = (
				2D91485119C07A1400F34A90 /* PostCard.app */,
				2D91486619C07A1400F34A90 /* PostCardTests.xctest */,
			);
			name = Products;
			sourceTree = "<group>";
		};
		2D91485319C07A1400F34A90 /* PostCard */ = {
			isa = PBXGroup;
			children = (
				2D91485619C07A1400F34A90 /* AppDelegate.swift */,
				2D91485819C07A1400F34A90 /* ViewController.swift */,
				2D91485A19C07A1400F34A90 /* Main.storyboard */,
				2D91485D19C07A1400F34A90 /* Images.xcassets */,
				2D91485F19C07A1400F34A90 /* LaunchScreen.xib */,
				2D91485419C07A1400F34A90 /* Supporting Files */,
			);
			path = PostCard;
			sourceTree = "<group>";
		};
		2D91485419C07A1400F34A90 /* Supporting Files */ = {
			isa = PBXGroup;
			children = (
				2D91487819C0A20B00F34A90 /* AlbertEinsteinStamp.jpg */,
				2D91487619C0885600F34A90 /* SagradaFamilia.jpeg */,
				2D91485519C07A1400F34A90 /* Info.plist */,
			);
			name = "Supporting Files";
			sourceTree = "<group>";
		};
		2D91486919C07A1400F34A90 /* PostCardTests */ = {
			isa = PBXGroup;
			children = (
				2D91486C19C07A1400F34A90 /* PostCardTests.swift */,
				2D91486A19C07A1400F34A90 /* Supporting Files */,
			);
			path = PostCardTests;
			sourceTree = "<group>";
		};
		2D91486A19C07A1400F34A90 /* Supporting Files */ = {
			isa = PBXGroup;
			children = (
				2D91486B19C07A1400F34A90 /* Info.plist */,
			);
			name = "Supporting Files";
			sourceTree = "<group>";
		};
/* End PBXGroup section */

/* Begin PBXNativeTarget section */
		2D91485019C07A1400F34A90 /* PostCard */ = {
			isa = PBXNativeTarget;
			buildConfigurationList = 2D91487019C07A1400F34A90 /* Build configuration list for PBXNativeTarget "PostCard" */;
			buildPhases = (
				2D91484D19C07A1400F34A90 /* Sources */,
				2D91484E19C07A1400F34A90 /* Frameworks */,
				2D91484F19C07A1400F34A90 /* Resources */,
			);
			buildRules = (
			);
			dependencies = (
			);
			name = PostCard;
			productName = PostCard;
			productReference = 2D91485119C07A1400F34A90 /* PostCard.app */;
			productType = "com.apple.product-type.application";
		};
		2D91486519C07A1400F34A90 /* PostCardTests */ = {
			isa = PBXNativeTarget;
			buildConfigurationList = 2D91487319C07A1400F34A90 /* Build configuration list for PBXNativeTarget "PostCardTests" */;
			buildPhases = (
				2D91486219C07A1400F34A90 /* Sources */,
				2D91486319C07A1400F34A90 /* Frameworks */,
				2D91486419C07A1400F34A90 /* Resources */,
			);
			buildRules = (
			);
			dependencies = (
				2D91486819C07A1400F34A90 /* PBXTargetDependency */,
			);
			name = PostCardTests;
			productName = PostCardTests;
			productReference = 2D91486619C07A1400F34A90 /* PostCardTests.xctest */;
			productType = "com.apple.product-type.bundle.unit-test";
		};
/* End PBXNativeTarget section */

/* Begin PBXProject section */
		2D91484919C07A1400F34A90 /* Project object */ = {
			isa = PBXProject;
			attributes = {
				LastUpgradeCheck = 0600;
				ORGANIZATIONNAME = Bal;
				TargetAttributes = {
					2D91485019C07A1400F34A90 = {
						CreatedOnToolsVersion = 6.0;
					};
					2D91486519C07A1400F34A90 = {
						CreatedOnToolsVersion = 6.0;
						TestTargetID = 2D91485019C07A1400F34A90;
					};
				};
			};
			buildConfigurationList = 2D91484C19C07A1400F34A90 /* Build configuration list for PBXProject "PostCard" */;
			compatibilityVersion = "Xcode 3.2";
			developmentRegion = English;
			hasScannedForEncodings = 0;
			knownRegions = (
				en,
				Base,
			);
			mainGroup = 2D91484819C07A1400F34A90;
			productRefGroup = 2D91485219C07A1400F34A90 /* Products */;
			projectDirPath = "";
			projectRoot = "";
			targets = (
				2D91485019C07A1400F34A90 /* PostCard */,
				2D91486519C07A1400F34A90 /* PostCardTests */,
			);
		};
/* End PBXProject section */

/* Begin PBXResourcesBuildPhase section */
		2D91484F19C07A1400F34A90 /* Resources */ = {
			isa = PBXResourcesBuildPhase;
			buildActionMask = 2147483647;
			files = (
				2D91485C19C07A1400F34A90 /* Main.storyboard in Resources */,
				2D91487719C0885600F34A90 /* SagradaFamilia.jpeg in Resources */,
				2D91487919C0A20B00F34A90 /* AlbertEinsteinStamp.jpg in Resources */,
				2D91486119C07A1400F34A90 /* LaunchScreen.xib in Resources */,
				2D91485E19C07A1400F34A90 /* Images.xcassets in Resources */,
			);
			runOnlyForDeploymentPostprocessing = 0;
		};
		2D91486419C07A1400F34A90 /* Resources */ = {
			isa = PBXResourcesBuildPhase;
			buildActionMask = 2147483647;
			files = (
			);
			runOnlyForDeploymentPostprocessing = 0;
		};
/* End PBXResourcesBuildPhase section */

/* Begin PBXSourcesBuildPhase section */
		2D91484D19C07A1400F34A90 /* Sources */ = {
			isa = PBXSourcesBuildPhase;
			buildActionMask = 2147483647;
			files = (
				2D91485919C07A1400F34A90 /* ViewController.swift in Sources */,
				2D91485719C07A1400F34A90 /* AppDelegate.swift in Sources */,
			);
			runOnlyForDeploymentPostprocessing = 0;
		};
		2D91486219C07A1400F34A90 /* Sources */ = {
			isa = PBXSourcesBuildPhase;
			buildActionMask = 2147483647;
			files = (
				2D91486D19C07A1400F34A90 /* PostCardTests.swift in Sources */,
			);
			runOnlyForDeploymentPostprocessing = 0;
		};
/* End PBXSourcesBuildPhase section */

/* Begin PBXTargetDependency section */
		2D91486819C07A1400F34A90 /* PBXTargetDependency */ = {
			isa = PBXTargetDependency;
			target = 2D91485019C07A1400F34A90 /* PostCard */;
			targetProxy = 2D91486719C07A1400F34A90 /* PBXContainerItemProxy */;
		};
/* End PBXTargetDependency section */

/* Begin PBXVariantGroup section */
		2D91485A19C07A1400F34A90 /* Main.storyboard */ = {
			isa = PBXVariantGroup;
			children = (
				2D91485B19C07A1400F34A90 /* Base */,
			);
			name = Main.storyboard;
			sourceTree = "<group>";
		};
		2D91485F19C07A1400F34A90 /* LaunchScreen.xib */ = {
			isa = PBXVariantGroup;
			children = (
				2D91486019C07A1400F34A90 /* Base */,
			);
			name = LaunchScreen.xib;
			sourceTree = "<group>";
		};
/* End PBXVariantGroup section */

/* Begin XCBuildConfiguration section */
		2D91486E19C07A1400F34A90 /* Debug */ = {
			isa = XCBuildConfiguration;
			buildSettings = {
				ALWAYS_SEARCH_USER_PATHS = NO;
				CLANG_CXX_LANGUAGE_STANDARD = "gnu++0x";
				CLANG_CXX_LIBRARY = "libc++";
				CLANG_ENABLE_MODULES = YES;
				CLANG_ENABLE_OBJC_ARC = YES;
				CLANG_WARN_BOOL_CONVERSION = YES;
				CLANG_WARN_CONSTANT_CONVERSION = YES;
				CLANG_WARN_DIRECT_OBJC_ISA_USAGE = YES_ERROR;
				CLANG_WARN_EMPTY_BODY = YES;
				CLANG_WARN_ENUM_CONVERSION = YES;
				CLANG_WARN_INT_CONVERSION = YES;
				CLANG_WARN_OBJC_ROOT_CLASS = YES_ERROR;
				CLANG_WARN_UNREACHABLE_CODE = YES;
				CLANG_WARN__DUPLICATE_METHOD_MATCH = YES;
				"CODE_SIGN_IDENTITY[sdk=iphoneos*]" = "iPhone Developer";
				COPY_PHASE_STRIP = NO;
				ENABLE_STRICT_OBJC_MSGSEND = YES;
				GCC_C_LANGUAGE_STANDARD = gnu99;
				GCC_DYNAMIC_NO_PIC = NO;
				GCC_OPTIMIZATION_LEVEL = 0;
				GCC_PREPROCESSOR_DEFINITIONS = (
					"DEBUG=1",
					"$(inherited)",
				);
				GCC_SYMBOLS_PRIVATE_EXTERN = NO;
				GCC_WARN_64_TO_32_BIT_CONVERSION = YES;
				GCC_WARN_ABOUT_RETURN_TYPE = YES_ERROR;
				GCC_WARN_UNDECLARED_SELECTOR = YES;
				GCC_WARN_UNINITIALIZED_AUTOS = YES_AGGRESSIVE;
				GCC_WARN_UNUSED_FUNCTION = YES;
				GCC_WARN_UNUSED_VARIABLE = YES;
				IPHONEOS_DEPLOYMENT_TARGET = 8.0;
				MTL_ENABLE_DEBUG_INFO = YES;
				ONLY_ACTIVE_ARCH = YES;
				SDKROOT = iphoneos;
				SWIFT_OPTIMIZATION_LEVEL = "-Onone";
			};
			name = Debug;
		};
		2D91486F19C07A1400F34A90 /* Release */ = {
			isa = XCBuildConfiguration;
			buildSettings = {
				ALWAYS_SEARCH_USER_PATHS = NO;
				CLANG_CXX_LANGUAGE_STANDARD = "gnu++0x";
				CLANG_CXX_LIBRARY = "libc++";
				CLANG_ENABLE_MODULES = YES;
				CLANG_ENABLE_OBJC_ARC = YES;
				CLANG_WARN_BOOL_CONVERSION = YES;
				CLANG_WARN_CONSTANT_CONVERSION = YES;
				CLANG_WARN_DIRECT_OBJC_ISA_USAGE = YES_ERROR;
				CLANG_WARN_EMPTY_BODY = YES;
				CLANG_WARN_ENUM_CONVERSION = YES;
				CLANG_WARN_INT_CONVERSION = YES;
				CLANG_WARN_OBJC_ROOT_CLASS = YES_ERROR;
				CLANG_WARN_UNREACHABLE_CODE = YES;
				CLANG_WARN__DUPLICATE_METHOD_MATCH = YES;
				"CODE_SIGN_IDENTITY[sdk=iphoneos*]" = "iPhone Developer";
				COPY_PHASE_STRIP = YES;
				ENABLE_NS_ASSERTIONS = NO;
				ENABLE_STRICT_OBJC_MSGSEND = YES;
				GCC_C_LANGUAGE_STANDARD = gnu99;
				GCC_WARN_64_TO_32_BIT_CONVERSION = YES;
				GCC_WARN_ABOUT_RETURN_TYPE = YES_ERROR;
				GCC_WARN_UNDECLARED_SELECTOR = YES;
				GCC_WARN_UNINITIALIZED_AUTOS = YES_AGGRESSIVE;
				GCC_WARN_UNUSED_FUNCTION = YES;
				GCC_WARN_UNUSED_VARIABLE = YES;
				IPHONEOS_DEPLOYMENT_TARGET = 8.0;
				MTL_ENABLE_DEBUG_INFO = NO;
				SDKROOT = iphoneos;
				VALIDATE_PRODUCT = YES;
			};
			name = Release;
		};
		2D91487119C07A1400F34A90 /* Debug */ = {
			isa = XCBuildConfiguration;
			buildSettings = {
				ASSETCATALOG_COMPILER_APPICON_NAME = AppIcon;
				INFOPLIST_FILE = PostCard/Info.plist;
				LD_RUNPATH_SEARCH_PATHS = "$(inherited) @executable_path/Frameworks";
				PRODUCT_NAME = "$(TARGET_NAME)";
			};
			name = Debug;
		};
		2D91487219C07A1400F34A90 /* Release */ = {
			isa = XCBuildConfiguration;
			buildSettings = {
				ASSETCATALOG_COMPILER_APPICON_NAME = AppIcon;
				INFOPLIST_FILE = PostCard/Info.plist;
				LD_RUNPATH_SEARCH_PATHS = "$(inherited) @executable_path/Frameworks";
				PRODUCT_NAME = "$(TARGET_NAME)";
			};
			name = Release;
		};
		2D91487419C07A1400F34A90 /* Debug */ = {
			isa = XCBuildConfiguration;
			buildSettings = {
				BUNDLE_LOADER = "$(TEST_HOST)";
				FRAMEWORK_SEARCH_PATHS = (
					"$(SDKROOT)/Developer/Library/Frameworks",
					"$(inherited)",
				);
				GCC_PREPROCESSOR_DEFINITIONS = (
					"DEBUG=1",
					"$(inherited)",
				);
				INFOPLIST_FILE = PostCardTests/Info.plist;
				LD_RUNPATH_SEARCH_PATHS = "$(inherited) @executable_path/Frameworks @loader_path/Frameworks";
				PRODUCT_NAME = "$(TARGET_NAME)";
				TEST_HOST = "$(BUILT_PRODUCTS_DIR)/PostCard.app/PostCard";
			};
			name = Debug;
		};
		2D91487519C07A1400F34A90 /* Release */ = {
			isa = XCBuildConfiguration;
			buildSettings = {
				BUNDLE_LOADER = "$(TEST_HOST)";
				FRAMEWORK_SEARCH_PATHS = (
					"$(SDKROOT)/Developer/Library/Frameworks",
					"$(inherited)",
				);
				INFOPLIST_FILE = PostCardTests/Info.plist;
				LD_RUNPATH_SEARCH_PATHS = "$(inherited) @executable_path/Frameworks @loader_path/Frameworks";
				PRODUCT_NAME = "$(TARGET_NAME)";
				TEST_HOST = "$(BUILT_PRODUCTS_DIR)/PostCard.app/PostCard";
			};
			name = Release;
		};
/* End XCBuildConfiguration section */

/* Begin XCConfigurationList section */
		2D91484C19C07A1400F34A90 /* Build configuration list for PBXProject "PostCard" */ = {
			isa = XCConfigurationList;
			buildConfigurations = (
				2D91486E19C07A1400F34A90 /* Debug */,
				2D91486F19C07A1400F34A90 /* Release */,
			);
			defaultConfigurationIsVisible = 0;
			defaultConfigurationName = Release;
		};
		2D91487019C07A1400F34A90 /* Build configuration list for PBXNativeTarget "PostCard" */ = {
			isa = XCConfigurationList;
			buildConfigurations = (
				2D91487119C07A1400F34A90 /* Debug */,
				2D91487219C07A1400F34A90 /* Release */,
			);
			defaultConfigurationIsVisible = 0;
		};
		2D91487319C07A1400F34A90 /* Build configuration list for PBXNativeTarget "PostCardTests" */ = {
			isa = XCConfigurationList;
			buildConfigurations = (
				2D91487419C07A1400F34A90 /* Debug */,
				2D91487519C07A1400F34A90 /* Release */,
			);
			defaultConfigurationIsVisible = 0;
		};
/* End XCConfigurationList section */
	};
	rootObject = 2D91484919C07A1400F34A90 /* Project object */;
}
